{
  "requires": true,
  "lockfileVersion": 1,
  "dependencies": {
    "@angular/animations": {
      "version": "9.1.4",
      "resolved": "https://registry.npmjs.org/@angular/animations/-/animations-9.1.4.tgz",
      "integrity": "sha512-gMo/DbCm5BDArladMAeC7/75T2DvhLr4CSUGJt/P/aimTEG2ywoAALs3pzwSSe4qxrHiR0OIksVW3l4km3iXEw=="
    },
    "@angular/material": {
      "version": "9.2.2",
      "resolved": "https://registry.npmjs.org/@angular/material/-/material-9.2.2.tgz",
      "integrity": "sha512-gdQiMJ6PtW/5fd+0mglHFyzxULDCBGjn9RTET3sUq2rkc9+jBXr4OvnsUyBWSnqqv97XqotVDIx5JgE4/YX/Rw=="
    }
  }
}
